// !$*UTF8*$!
{
	archiveVersion = 1;
	classes = {
	};
	objectVersion = 50;
	objects = {

/* Begin PBXBuildFile section */
		46CBD1CB220C0619007F01B4 /* AppDelegate.swift in Sources */ = {isa = PBXBuildFile; fileRef = 46CBD1CA220C0619007F01B4 /* AppDelegate.swift */; };
		46CBD1CF220C061A007F01B4 /* Assets.xcassets in Resources */ = {isa = PBXBuildFile; fileRef = 46CBD1CE220C061A007F01B4 /* Assets.xcassets */; };
		46CBD1D2220C061A007F01B4 /* Main.storyboard in Resources */ = {isa = PBXBuildFile; fileRef = 46CBD1D0220C061A007F01B4 /* Main.storyboard */; };
		46CBD1DB220C0DEA007F01B4 /* DataStorage.swift in Sources */ = {isa = PBXBuildFile; fileRef = 46CBD1DA220C0DEA007F01B4 /* DataStorage.swift */; };
		46CBD1DD220C6113007F01B4 /* FileManager+Extension.swift in Sources */ = {isa = PBXBuildFile; fileRef = 46CBD1DC220C6113007F01B4 /* FileManager+Extension.swift */; };
		46CBD1DF220C62FA007F01B4 /* DerivedDataFacade.swift in Sources */ = {isa = PBXBuildFile; fileRef = 46CBD1DE220C62FA007F01B4 /* DerivedDataFacade.swift */; };
/* End PBXBuildFile section */

/* Begin PBXFileReference section */
		46CBD1C7220C0619007F01B4 /* DevHelper.app */ = {isa = PBXFileReference; explicitFileType = wrapper.application; includeInIndex = 0; path = DevHelper.app; sourceTree = BUILT_PRODUCTS_DIR; };
		46CBD1CA220C0619007F01B4 /* AppDelegate.swift */ = {isa = PBXFileReference; lastKnownFileType = sourcecode.swift; path = AppDelegate.swift; sourceTree = "<group>"; };
		46CBD1CE220C061A007F01B4 /* Assets.xcassets */ = {isa = PBXFileReference; lastKnownFileType = folder.assetcatalog; path = Assets.xcassets; sourceTree = "<group>"; };
		46CBD1D1220C061A007F01B4 /* Base */ = {isa = PBXFileReference; lastKnownFileType = file.storyboard; name = Base; path = Base.lproj/Main.storyboard; sourceTree = "<group>"; };
		46CBD1D3220C061A007F01B4 /* Info.plist */ = {isa = PBXFileReference; lastKnownFileType = text.plist.xml; path = Info.plist; sourceTree = "<group>"; };
		46CBD1D4220C061A007F01B4 /* DevHelper.entitlements */ = {isa = PBXFileReference; lastKnownFileType = text.plist.entitlements; path = DevHelper.entitlements; sourceTree = "<group>"; };
		46CBD1DA220C0DEA007F01B4 /* DataStorage.swift */ = {isa = PBXFileReference; lastKnownFileType = sourcecode.swift; path = DataStorage.swift; sourceTree = "<group>"; };
		46CBD1DC220C6113007F01B4 /* FileManager+Extension.swift */ = {isa = PBXFileReference; lastKnownFileType = sourcecode.swift; path = "FileManager+Extension.swift"; sourceTree = "<group>"; };
		46CBD1DE220C62FA007F01B4 /* DerivedDataFacade.swift */ = {isa = PBXFileReference; lastKnownFileType = sourcecode.swift; path = DerivedDataFacade.swift; sourceTree = "<group>"; };
/* End PBXFileReference section */

/* Begin PBXFrameworksBuildPhase section */
		46CBD1C4220C0619007F01B4 /* Frameworks */ = {
			isa = PBXFrameworksBuildPhase;
			buildActionMask = 2147483647;
			files = (
			);
			runOnlyForDeploymentPostprocessing = 0;
		};
/* End PBXFrameworksBuildPhase section */

/* Begin PBXGroup section */
		46CBD1BE220C0619007F01B4 = {
			isa = PBXGroup;
			children = (
				46CBD1C9220C0619007F01B4 /* DevHelper */,
				46CBD1C8220C0619007F01B4 /* Products */,
			);
			sourceTree = "<group>";
		};
		46CBD1C8220C0619007F01B4 /* Products */ = {
			isa = PBXGroup;
			children = (
				46CBD1C7220C0619007F01B4 /* DevHelper.app */,
			);
			name = Products;
			sourceTree = "<group>";
		};
		46CBD1C9220C0619007F01B4 /* DevHelper */ = {
			isa = PBXGroup;
			children = (
				46CBD1CA220C0619007F01B4 /* AppDelegate.swift */,
				46CBD1CE220C061A007F01B4 /* Assets.xcassets */,
				46CBD1D0220C061A007F01B4 /* Main.storyboard */,
				46CBD1D3220C061A007F01B4 /* Info.plist */,
				46CBD1D4220C061A007F01B4 /* DevHelper.entitlements */,
				46CBD1DA220C0DEA007F01B4 /* DataStorage.swift */,
				46CBD1DC220C6113007F01B4 /* FileManager+Extension.swift */,
				46CBD1DE220C62FA007F01B4 /* DerivedDataFacade.swift */,
			);
			path = DevHelper;
			sourceTree = "<group>";
		};
/* End PBXGroup section */

/* Begin PBXNativeTarget section */
		46CBD1C6220C0619007F01B4 /* DevHelper */ = {
			isa = PBXNativeTarget;
			buildConfigurationList = 46CBD1D7220C061A007F01B4 /* Build configuration list for PBXNativeTarget "DevHelper" */;
			buildPhases = (
				46CBD1C3220C0619007F01B4 /* Sources */,
				46CBD1C4220C0619007F01B4 /* Frameworks */,
				46CBD1C5220C0619007F01B4 /* Resources */,
			);
			buildRules = (
			);
			dependencies = (
			);
			name = DevHelper;
			productName = DevHelper;
			productReference = 46CBD1C7220C0619007F01B4 /* DevHelper.app */;
			productType = "com.apple.product-type.application";
		};
/* End PBXNativeTarget section */

/* Begin PBXProject section */
		46CBD1BF220C0619007F01B4 /* Project object */ = {
			isa = PBXProject;
			attributes = {
				LastSwiftUpdateCheck = 1010;
				LastUpgradeCheck = 1010;
				ORGANIZATIONNAME = pavel.grechikhin;
				TargetAttributes = {
					46CBD1C6220C0619007F01B4 = {
						CreatedOnToolsVersion = 10.1;
						SystemCapabilities = {
							com.apple.Sandbox = {
								enabled = 0;
							};
						};
					};
				};
			};
			buildConfigurationList = 46CBD1C2220C0619007F01B4 /* Build configuration list for PBXProject "DevHelper" */;
			compatibilityVersion = "Xcode 9.3";
			developmentRegion = en;
			hasScannedForEncodings = 0;
			knownRegions = (
				en,
				Base,
			);
			mainGroup = 46CBD1BE220C0619007F01B4;
			productRefGroup = 46CBD1C8220C0619007F01B4 /* Products */;
			projectDirPath = "";
			projectRoot = "";
			targets = (
				46CBD1C6220C0619007F01B4 /* DevHelper */,
			);
		};
/* End PBXProject section */

/* Begin PBXResourcesBuildPhase section */
		46CBD1C5220C0619007F01B4 /* Resources */ = {
			isa = PBXResourcesBuildPhase;
			buildActionMask = 2147483647;
			files = (
				46CBD1CF220C061A007F01B4 /* Assets.xcassets in Resources */,
				46CBD1D2220C061A007F01B4 /* Main.storyboard in Resources */,
			);
			runOnlyForDeploymentPostprocessing = 0;
		};
/* End PBXResourcesBuildPhase section */

/* Begin PBXSourcesBuildPhase section */
		46CBD1C3220C0619007F01B4 /* Sources */ = {
			isa = PBXSourcesBuildPhase;
			buildActionMask = 2147483647;
			files = (
				46CBD1CB220C0619007F01B4 /* AppDelegate.swift in Sources */,
				46CBD1DB220C0DEA007F01B4 /* DataStorage.swift in Sources */,
				46CBD1DD220C6113007F01B4 /* FileManager+Extension.swift in Sources */,
				46CBD1DF220C62FA007F01B4 /* DerivedDataFacade.swift in Sources */,
			);
			runOnlyForDeploymentPostprocessing = 0;
		};
/* End PBXSourcesBuildPhase section */

/* Begin PBXVariantGroup section */
		46CBD1D0220C061A007F01B4 /* Main.storyboard */ = {
			isa = PBXVariantGroup;
			children = (
				46CBD1D1220C061A007F01B4 /* Base */,
			);
			name = Main.storyboard;
			sourceTree = "<group>";
		};
/* End PBXVariantGroup section */

/* Begin XCBuildConfiguration section */
		46CBD1D5220C061A007F01B4 /* Debug */ = {
			isa = XCBuildConfiguration;
			buildSettings = {
				ALWAYS_SEARCH_USER_PATHS = NO;
				CLANG_ANALYZER_NONNULL = YES;
				CLANG_ANALYZER_NUMBER_OBJECT_CONVERSION = YES_AGGRESSIVE;
				CLANG_CXX_LANGUAGE_STANDARD = "gnu++14";
				CLANG_CXX_LIBRARY = "libc++";
				CLANG_ENABLE_MODULES = YES;
				CLANG_ENABLE_OBJC_ARC = YES;
				CLANG_ENABLE_OBJC_WEAK = YES;
				CLANG_WARN_BLOCK_CAPTURE_AUTORELEASING = YES;
				CLANG_WARN_BOOL_CONVERSION = YES;
				CLANG_WARN_COMMA = YES;
				CLANG_WARN_CONSTANT_CONVERSION = YES;
				CLANG_WARN_DEPRECATED_OBJC_IMPLEMENTATIONS = YES;
				CLANG_WARN_DIRECT_OBJC_ISA_USAGE = YES_ERROR;
				CLANG_WARN_DOCUMENTATION_COMMENTS = YES;
				CLANG_WARN_EMPTY_BODY = YES;
				CLANG_WARN_ENUM_CONVERSION = YES;
				CLANG_WARN_INFINITE_RECURSION = YES;
				CLANG_WARN_INT_CONVERSION = YES;
				CLANG_WARN_NON_LITERAL_NULL_CONVERSION = YES;
				CLANG_WARN_OBJC_IMPLICIT_RETAIN_SELF = YES;
				CLANG_WARN_OBJC_LITERAL_CONVERSION = YES;
				CLANG_WARN_OBJC_ROOT_CLASS = YES_ERROR;
				CLANG_WARN_RANGE_LOOP_ANALYSIS = YES;
				CLANG_WARN_STRICT_PROTOTYPES = YES;
				CLANG_WARN_SUSPICIOUS_MOVE = YES;
				CLANG_WARN_UNGUARDED_AVAILABILITY = YES_AGGRESSIVE;
				CLANG_WARN_UNREACHABLE_CODE = YES;
				CLANG_WARN__DUPLICATE_METHOD_MATCH = YES;
				CODE_SIGN_IDENTITY = "Mac Developer";
				COPY_PHASE_STRIP = NO;
				DEBUG_INFORMATION_FORMAT = dwarf;
				ENABLE_STRICT_OBJC_MSGSEND = YES;
				ENABLE_TESTABILITY = YES;
				GCC_C_LANGUAGE_STANDARD = gnu11;
				GCC_DYNAMIC_NO_PIC = NO;
				GCC_NO_COMMON_BLOCKS = YES;
				GCC_OPTIMIZATION_LEVEL = 0;
				GCC_PREPROCESSOR_DEFINITIONS = (
					"DEBUG=1",
					"$(inherited)",
				);
				GCC_WARN_64_TO_32_BIT_CONVERSION = YES;
				GCC_WARN_ABOUT_RETURN_TYPE = YES_ERROR;
				GCC_WARN_UNDECLARED_SELECTOR = YES;
				GCC_WARN_UNINITIALIZED_AUTOS = YES_AGGRESSIVE;
				GCC_WARN_UNUSED_FUNCTION = YES;
				GCC_WARN_UNUSED_VARIABLE = YES;
				MACOSX_DEPLOYMENT_TARGET = 10.13;
				MTL_ENABLE_DEBUG_INFO = INCLUDE_SOURCE;
				MTL_FAST_MATH = YES;
				ONLY_ACTIVE_ARCH = YES;
				SDKROOT = macosx;
				SWIFT_ACTIVE_COMPILATION_CONDITIONS = DEBUG;
				SWIFT_OPTIMIZATION_LEVEL = "-Onone";
			};
			name = Debug;
		};
		46CBD1D6220C061A007F01B4 /* Release */ = {
			isa = XCBuildConfiguration;
			buildSettings = {
				ALWAYS_SEARCH_USER_PATHS = NO;
				CLANG_ANALYZER_NONNULL = YES;
				CLANG_ANALYZER_NUMBER_OBJECT_CONVERSION = YES_AGGRESSIVE;
				CLANG_CXX_LANGUAGE_STANDARD = "gnu++14";
				CLANG_CXX_LIBRARY = "libc++";
				CLANG_ENABLE_MODULES = YES;
				CLANG_ENABLE_OBJC_ARC = YES;
				CLANG_ENABLE_OBJC_WEAK = YES;
				CLANG_WARN_BLOCK_CAPTURE_AUTORELEASING = YES;
				CLANG_WARN_BOOL_CONVERSION = YES;
				CLANG_WARN_COMMA = YES;
				CLANG_WARN_CONSTANT_CONVERSION = YES;
				CLANG_WARN_DEPRECATED_OBJC_IMPLEMENTATIONS = YES;
				CLANG_WARN_DIRECT_OBJC_ISA_USAGE = YES_ERROR;
				CLANG_WARN_DOCUMENTATION_COMMENTS = YES;
				CLANG_WARN_EMPTY_BODY = YES;
				CLANG_WARN_ENUM_CONVERSION = YES;
				CLANG_WARN_INFINITE_RECURSION = YES;
				CLANG_WARN_INT_CONVERSION = YES;
				CLANG_WARN_NON_LITERAL_NULL_CONVERSION = YES;
				CLANG_WARN_OBJC_IMPLICIT_RETAIN_SELF = YES;
				CLANG_WARN_OBJC_LITERAL_CONVERSION = YES;
				CLANG_WARN_OBJC_ROOT_CLASS = YES_ERROR;
				CLANG_WARN_RANGE_LOOP_ANALYSIS = YES;
				CLANG_WARN_STRICT_PROTOTYPES = YES;
				CLANG_WARN_SUSPICIOUS_MOVE = YES;
				CLANG_WARN_UNGUARDED_AVAILABILITY = YES_AGGRESSIVE;
				CLANG_WARN_UNREACHABLE_CODE = YES;
				CLANG_WARN__DUPLICATE_METHOD_MATCH = YES;
				CODE_SIGN_IDENTITY = "Mac Developer";
				COPY_PHASE_STRIP = NO;
				DEBUG_INFORMATION_FORMAT = "dwarf-with-dsym";
				ENABLE_NS_ASSERTIONS = NO;
				ENABLE_STRICT_OBJC_MSGSEND = YES;
				GCC_C_LANGUAGE_STANDARD = gnu11;
				GCC_NO_COMMON_BLOCKS = YES;
				GCC_WARN_64_TO_32_BIT_CONVERSION = YES;
				GCC_WARN_ABOUT_RETURN_TYPE = YES_ERROR;
				GCC_WARN_UNDECLARED_SELECTOR = YES;
				GCC_WARN_UNINITIALIZED_AUTOS = YES_AGGRESSIVE;
				GCC_WARN_UNUSED_FUNCTION = YES;
				GCC_WARN_UNUSED_VARIABLE = YES;
				MACOSX_DEPLOYMENT_TARGET = 10.13;
				MTL_ENABLE_DEBUG_INFO = NO;
				MTL_FAST_MATH = YES;
				SDKROOT = macosx;
				SWIFT_COMPILATION_MODE = wholemodule;
				SWIFT_OPTIMIZATION_LEVEL = "-O";
			};
			name = Release;
		};
		46CBD1D8220C061A007F01B4 /* Debug */ = {
			isa = XCBuildConfiguration;
			buildSettings = {
				ASSETCATALOG_COMPILER_APPICON_NAME = AppIcon;
				CODE_SIGN_STYLE = Automatic;
				COMBINE_HIDPI_IMAGES = YES;
				DEVELOPMENT_TEAM = 546782U9GC;
				INFOPLIST_FILE = DevHelper/Info.plist;
				LD_RUNPATH_SEARCH_PATHS = (
					"$(inherited)",
					"@executable_path/../Frameworks",
				);
				PRODUCT_BUNDLE_IDENTIFIER = macoboy.DevHelper;
				PRODUCT_NAME = "$(TARGET_NAME)";
				SWIFT_VERSION = 4.2;
			};
			name = Debug;
		};
		46CBD1D9220C061A007F01B4 /* Release */ = {
			isa = XCBuildConfiguration;
			buildSettings = {
				ASSETCATALOG_COMPILER_APPICON_NAME = AppIcon;
				CODE_SIGN_STYLE = Automatic;
				COMBINE_HIDPI_IMAGES = YES;
				DEVELOPMENT_TEAM = 546782U9GC;
				INFOPLIST_FILE = DevHelper/Info.plist;
				LD_RUNPATH_SEARCH_PATHS = (
					"$(inherited)",
					"@executable_path/../Frameworks",
				);
				PRODUCT_BUNDLE_IDENTIFIER = macoboy.DevHelper;
				PRODUCT_NAME = "$(TARGET_NAME)";
				SWIFT_VERSION = 4.2;
			};
			name = Release;
		};
/* End XCBuildConfiguration section */

/* Begin XCConfigurationList section */
		46CBD1C2220C0619007F01B4 /* Build configuration list for PBXProject "DevHelper" */ = {
			isa = XCConfigurationList;
			buildConfigurations = (
				46CBD1D5220C061A007F01B4 /* Debug */,
				46CBD1D6220C061A007F01B4 /* Release */,
			);
			defaultConfigurationIsVisible = 0;
			defaultConfigurationName = Release;
		};
		46CBD1D7220C061A007F01B4 /* Build configuration list for PBXNativeTarget "DevHelper" */ = {
			isa = XCConfigurationList;
			buildConfigurations = (
				46CBD1D8220C061A007F01B4 /* Debug */,
				46CBD1D9220C061A007F01B4 /* Release */,
			);
			defaultConfigurationIsVisible = 0;
			defaultConfigurationName = Release;
		};
/* End XCConfigurationList section */
	};
	rootObject = 46CBD1BF220C0619007F01B4 /* Project object */;
}
